{
  "requires": true,
  "lockfileVersion": 1,
  "dependencies": {
    "date-fns": {
      "version": "2.15.0",
      "resolved": "https://registry.npmjs.org/date-fns/-/date-fns-2.15.0.tgz",
      "integrity": "sha512-ZCPzAMJZn3rNUvvQIMlXhDr4A+Ar07eLeGsGREoWU19a3Pqf5oYa+ccd+B3F6XVtQY6HANMFdOQ8A+ipFnvJdQ=="
    },
    "lodash.throttle": {
      "version": "4.1.1",
      "resolved": "https://registry.npmjs.org/lodash.throttle/-/lodash.throttle-4.1.1.tgz",
      "integrity": "sha1-wj6RtxAkKscMN/HhzaknTMOb8vQ="
    },
    "lodash.trim": {
      "version": "4.5.1",
      "resolved": "https://registry.npmjs.org/lodash.trim/-/lodash.trim-4.5.1.tgz",
      "integrity": "sha1-NkJefukL5KpeJ7zruFt9EepHqlc="
    },
    "vue": {
      "version": "2.6.11",
      "resolved": "https://registry.npmjs.org/vue/-/vue-2.6.11.tgz",
      "integrity": "sha512-VfPwgcGABbGAue9+sfrD4PuwFar7gPb1yl1UK1MwXoQPAw0BKSqWfoYCT/ThFrdEVWoI51dBuyCoiNU9bZDZxQ=="
    },
    "vue-scrollbar-simple": {
      "version": "0.0.3",
      "resolved": "https://registry.npmjs.org/vue-scrollbar-simple/-/vue-scrollbar-simple-0.0.3.tgz",
      "integrity": "sha512-5NMbqDuK9ZIpq5M3REEcxBkfn6odYeCZVdgbNCVXDIGX/gG1r//L2D83SrHvAFiuT0tKeUq0wVeom14Cy9Xp2A==",
      "requires": {
        "lodash.throttle": "^4.1.1"
      }
    },
    "vue-table-dynamic": {
      "version": "0.2.2",
      "resolved": "https://registry.npmjs.org/vue-table-dynamic/-/vue-table-dynamic-0.2.2.tgz",
      "integrity": "sha512-QvFmvoqjAaSLPZwNQ1npfDftiPTvBLqRHlw0PBnyvZxIlu7sHLiFCbx0fv3Yzgmo9SQYAcYTeMgYEeonw3YRKg==",
      "requires": {
        "lodash.throttle": "^4.1.1",
        "lodash.trim": "^4.5.1",
        "vue-scrollbar-simple": "0.0.3"
      }
    },
    "vuetify": {
      "version": "2.3.8",
      "resolved": "https://registry.npmjs.org/vuetify/-/vuetify-2.3.8.tgz",
      "integrity": "sha512-T754w4jV3eeuEwEfRTpHdlo76ZRUVTBeMMzVyqSEr61AfhDSYf9rJfHOlhfXG4aaQbZ34dRR48bzRiS4ICz2fQ=="
    },
    "vuetify-datetime-picker": {
      "version": "2.1.1",
      "resolved": "https://registry.npmjs.org/vuetify-datetime-picker/-/vuetify-datetime-picker-2.1.1.tgz",
      "integrity": "sha512-xY3YCVNxoe/5Chbm7G2BXrkg12CWLWwnDJZdhNPVKe1p8S72H8NomYOB6SSBzMMEHisRGIRzAQTDwDfDU06x/Q==",
      "requires": {
        "date-fns": "^2.1.0",
        "vue": "^2.6.10",
        "vuetify": "^2.1.3"
      }
    }
  }
}
